
Microsoft Visual Studio Solution File, Format Version 12.00
# Visual Studio Version 17
VisualStudioVersion = 17.0.32014.148
MinimumVisualStudioVersion = 10.0.40219.1
Project("{9A19103F-16F7-4668-BE54-9A1E7A4F7556}") = "Wordle", "Wordle.csproj", "{80F594E1-8700-460C-9E6E-AF2A8477EEC2}"
EndProject
Global
	GlobalSection(SolutionConfigurationPlatforms) = preSolution
		Debug|Any CPU = Debug|Any CPU
		Release|Any CPU = Release|Any CPU
	EndGlobalSection
	GlobalSection(ProjectConfigurationPlatforms) = postSolution
		{80F594E1-8700-460C-9E6E-AF2A8477EEC2}.Debug|Any CPU.ActiveCfg = Debug|Any CPU
		{80F594E1-8700-460C-9E6E-AF2A8477EEC2}.Debug|Any CPU.Build.0 = Debug|Any CPU
		{80F594E1-8700-460C-9E6E-AF2A8477EEC2}.Release|Any CPU.ActiveCfg = Release|Any CPU
		{80F594E1-8700-460C-9E6E-AF2A8477EEC2}.Release|Any CPU.Build.0 = Release|Any CPU
	EndGlobalSection
	GlobalSection(SolutionProperties) = preSolution
		HideSolutionNode = FALSE
	EndGlobalSection
	GlobalSection(ExtensibilityGlobals) = postSolution
		SolutionGuid = {BCD7506E-5A4E-484F-8D23-79115C7226E1}
	EndGlobalSection
EndGlobal
